
Microsoft Visual Studio Solution File, Format Version 12.00
# Visual Studio Version 16
VisualStudioVersion = 16.0.31402.337
MinimumVisualStudioVersion = 10.0.40219.1
Project("{FAE04EC0-301F-11D3-BF4B-00C04F79EFBC}") = "WebApplicationAst1", "WebApplicationAst1\WebApplicationAst1.csproj", "{DDDCFEC4-48C3-4B54-BE12-A39F82139C4B}"
EndProject
Global
	GlobalSection(SolutionConfigurationPlatforms) = preSolution
		Debug|Any CPU = Debug|Any CPU
		Release|Any CPU = Release|Any CPU
	EndGlobalSection
	GlobalSection(ProjectConfigurationPlatforms) = postSolution
		{DDDCFEC4-48C3-4B54-BE12-A39F82139C4B}.Debug|Any CPU.ActiveCfg = Debug|Any CPU
		{DDDCFEC4-48C3-4B54-BE12-A39F82139C4B}.Debug|Any CPU.Build.0 = Debug|Any CPU
		{DDDCFEC4-48C3-4B54-BE12-A39F82139C4B}.Release|Any CPU.ActiveCfg = Release|Any CPU
		{DDDCFEC4-48C3-4B54-BE12-A39F82139C4B}.Release|Any CPU.Build.0 = Release|Any CPU
	EndGlobalSection
	GlobalSection(SolutionProperties) = preSolution
		HideSolutionNode = FALSE
	EndGlobalSection
	GlobalSection(ExtensibilityGlobals) = postSolution
		SolutionGuid = {7726454D-BF79-4458-8E17-7A0B99B4DF66}
	EndGlobalSection
EndGlobal
